
Microsoft Visual Studio Solution File, Format Version 12.00
# Visual Studio Version 17
VisualStudioVersion = 17.12.35707.178
MinimumVisualStudioVersion = 10.0.40219.1
Project("{2150E333-8FDC-42A3-9474-1A3956D46DE8}") = "src", "src", "{D326C289-DD24-410C-B1F7-555AE3CE652E}"
EndProject
Project("{FAE04EC0-301F-11D3-BF4B-00C04F79EFBC}") = "SistemaBancario.Application", "src\SistemaBancario.API\SistemaBancario.Application.csproj", "{28208D38-D7F7-43FD-A239-3A84515EB693}"
EndProject
Project("{FAE04EC0-301F-11D3-BF4B-00C04F79EFBC}") = "SistemaBancario.API", "src\WebApplication1\SistemaBancario.API.csproj", "{10A8967D-9F18-4CD7-B128-920478D5C02B}"
EndProject
Project("{FAE04EC0-301F-11D3-BF4B-00C04F79EFBC}") = "SistemaBancario.Communication", "src\SistemaBancario.Communication\SistemaBancario.Communication.csproj", "{90668DE4-94EB-4FE0-8AF2-FF542A1CA7CB}"
EndProject
Project("{FAE04EC0-301F-11D3-BF4B-00C04F79EFBC}") = "SistemaBancario.Domain", "src\SistemaBancario.Domain\SistemaBancario.Domain.csproj", "{ED7D1A4F-61AB-4E7E-8100-4D80304BC3D2}"
EndProject
Project("{FAE04EC0-301F-11D3-BF4B-00C04F79EFBC}") = "SistemaBancario.Exception", "src\SistemaBancario.Exception\SistemaBancario.Exception.csproj", "{06AC3E75-C0D7-42A5-BF89-2CBEE51BAB1D}"
EndProject
Project("{FAE04EC0-301F-11D3-BF4B-00C04F79EFBC}") = "SistemaBancario.Infrastructure", "src\SistemaBancario.Infrastructure\SistemaBancario.Infrastructure.csproj", "{12394ABB-974B-4789-8B5B-A852607544AB}"
EndProject
Global
	GlobalSection(SolutionConfigurationPlatforms) = preSolution
		Debug|Any CPU = Debug|Any CPU
		Release|Any CPU = Release|Any CPU
	EndGlobalSection
	GlobalSection(ProjectConfigurationPlatforms) = postSolution
		{28208D38-D7F7-43FD-A239-3A84515EB693}.Debug|Any CPU.ActiveCfg = Debug|Any CPU
		{28208D38-D7F7-43FD-A239-3A84515EB693}.Debug|Any CPU.Build.0 = Debug|Any CPU
		{28208D38-D7F7-43FD-A239-3A84515EB693}.Release|Any CPU.ActiveCfg = Release|Any CPU
		{28208D38-D7F7-43FD-A239-3A84515EB693}.Release|Any CPU.Build.0 = Release|Any CPU
		{10A8967D-9F18-4CD7-B128-920478D5C02B}.Debug|Any CPU.ActiveCfg = Debug|Any CPU
		{10A8967D-9F18-4CD7-B128-920478D5C02B}.Debug|Any CPU.Build.0 = Debug|Any CPU
		{10A8967D-9F18-4CD7-B128-920478D5C02B}.Release|Any CPU.ActiveCfg = Release|Any CPU
		{10A8967D-9F18-4CD7-B128-920478D5C02B}.Release|Any CPU.Build.0 = Release|Any CPU
		{90668DE4-94EB-4FE0-8AF2-FF542A1CA7CB}.Debug|Any CPU.ActiveCfg = Debug|Any CPU
		{90668DE4-94EB-4FE0-8AF2-FF542A1CA7CB}.Debug|Any CPU.Build.0 = Debug|Any CPU
		{90668DE4-94EB-4FE0-8AF2-FF542A1CA7CB}.Release|Any CPU.ActiveCfg = Release|Any CPU
		{90668DE4-94EB-4FE0-8AF2-FF542A1CA7CB}.Release|Any CPU.Build.0 = Release|Any CPU
		{ED7D1A4F-61AB-4E7E-8100-4D80304BC3D2}.Debug|Any CPU.ActiveCfg = Debug|Any CPU
		{ED7D1A4F-61AB-4E7E-8100-4D80304BC3D2}.Debug|Any CPU.Build.0 = Debug|Any CPU
		{ED7D1A4F-61AB-4E7E-8100-4D80304BC3D2}.Release|Any CPU.ActiveCfg = Release|Any CPU
		{ED7D1A4F-61AB-4E7E-8100-4D80304BC3D2}.Release|Any CPU.Build.0 = Release|Any CPU
		{06AC3E75-C0D7-42A5-BF89-2CBEE51BAB1D}.Debug|Any CPU.ActiveCfg = Debug|Any CPU
		{06AC3E75-C0D7-42A5-BF89-2CBEE51BAB1D}.Debug|Any CPU.Build.0 = Debug|Any CPU
		{06AC3E75-C0D7-42A5-BF89-2CBEE51BAB1D}.Release|Any CPU.ActiveCfg = Release|Any CPU
		{06AC3E75-C0D7-42A5-BF89-2CBEE51BAB1D}.Release|Any CPU.Build.0 = Release|Any CPU
		{12394ABB-974B-4789-8B5B-A852607544AB}.Debug|Any CPU.ActiveCfg = Debug|Any CPU
		{12394ABB-974B-4789-8B5B-A852607544AB}.Debug|Any CPU.Build.0 = Debug|Any CPU
		{12394ABB-974B-4789-8B5B-A852607544AB}.Release|Any CPU.ActiveCfg = Release|Any CPU
		{12394ABB-974B-4789-8B5B-A852607544AB}.Release|Any CPU.Build.0 = Release|Any CPU
	EndGlobalSection
	GlobalSection(SolutionProperties) = preSolution
		HideSolutionNode = FALSE
	EndGlobalSection
	GlobalSection(NestedProjects) = preSolution
		{28208D38-D7F7-43FD-A239-3A84515EB693} = {D326C289-DD24-410C-B1F7-555AE3CE652E}
		{10A8967D-9F18-4CD7-B128-920478D5C02B} = {D326C289-DD24-410C-B1F7-555AE3CE652E}
		{90668DE4-94EB-4FE0-8AF2-FF542A1CA7CB} = {D326C289-DD24-410C-B1F7-555AE3CE652E}
		{ED7D1A4F-61AB-4E7E-8100-4D80304BC3D2} = {D326C289-DD24-410C-B1F7-555AE3CE652E}
		{06AC3E75-C0D7-42A5-BF89-2CBEE51BAB1D} = {D326C289-DD24-410C-B1F7-555AE3CE652E}
		{12394ABB-974B-4789-8B5B-A852607544AB} = {D326C289-DD24-410C-B1F7-555AE3CE652E}
	EndGlobalSection
EndGlobal
